
Microsoft Visual Studio Solution File, Format Version 12.00
# Visual Studio Version 16
VisualStudioVersion = 16.0.30503.244
MinimumVisualStudioVersion = 10.0.40219.1
Project("{FAE04EC0-301F-11D3-BF4B-00C04F79EFBC}") = "POO3C34", "POO3C34\POO3C34.csproj", "{F16FA439-5F86-4C7C-A0F7-8E62DBE7322A}"
EndProject
Global
	GlobalSection(SolutionConfigurationPlatforms) = preSolution
		Debug|Any CPU = Debug|Any CPU
		Release|Any CPU = Release|Any CPU
	EndGlobalSection
	GlobalSection(ProjectConfigurationPlatforms) = postSolution
		{F16FA439-5F86-4C7C-A0F7-8E62DBE7322A}.Debug|Any CPU.ActiveCfg = Debug|Any CPU
		{F16FA439-5F86-4C7C-A0F7-8E62DBE7322A}.Debug|Any CPU.Build.0 = Debug|Any CPU
		{F16FA439-5F86-4C7C-A0F7-8E62DBE7322A}.Release|Any CPU.ActiveCfg = Release|Any CPU
		{F16FA439-5F86-4C7C-A0F7-8E62DBE7322A}.Release|Any CPU.Build.0 = Release|Any CPU
	EndGlobalSection
	GlobalSection(SolutionProperties) = preSolution
		HideSolutionNode = FALSE
	EndGlobalSection
	GlobalSection(ExtensibilityGlobals) = postSolution
		SolutionGuid = {10334767-6045-4477-8AFC-6BAEAA4DBC00}
	EndGlobalSection
EndGlobal
